
Microsoft Visual Studio Solution File, Format Version 12.00
# Visual Studio Version 17
VisualStudioVersion = 17.4.33122.133
MinimumVisualStudioVersion = 10.0.40219.1
Project("{9A19103F-16F7-4668-BE54-9A1E7A4F7556}") = "ActionTrakingSystem", "promanage\ActionTrakingSystem.csproj", "{ABAFF249-08C9-4ECA-BDFD-EFBB55F88A6B}"
EndProject
Global
	GlobalSection(SolutionConfigurationPlatforms) = preSolution
		Debug|Any CPU = Debug|Any CPU
		Release|Any CPU = Release|Any CPU
	EndGlobalSection
	GlobalSection(ProjectConfigurationPlatforms) = postSolution
		{ABAFF249-08C9-4ECA-BDFD-EFBB55F88A6B}.Debug|Any CPU.ActiveCfg = Debug|Any CPU
		{ABAFF249-08C9-4ECA-BDFD-EFBB55F88A6B}.Debug|Any CPU.Build.0 = Debug|Any CPU
		{ABAFF249-08C9-4ECA-BDFD-EFBB55F88A6B}.Release|Any CPU.ActiveCfg = Release|Any CPU
		{ABAFF249-08C9-4ECA-BDFD-EFBB55F88A6B}.Release|Any CPU.Build.0 = Release|Any CPU
	EndGlobalSection
	GlobalSection(SolutionProperties) = preSolution
		HideSolutionNode = FALSE
	EndGlobalSection
	GlobalSection(ExtensibilityGlobals) = postSolution
		SolutionGuid = {AF60C503-37B3-4003-88A2-DBE3FC5EE034}
	EndGlobalSection
EndGlobal
